{
    "version": 3,
    "terraform_version": "0.11.13",
    "serial": 19,
    "lineage": "5e374a57-8a0d-65db-80e2-d06862dc23dc",
    "modules": [
        {
            "path": [
                "root"
            ],
            "outputs": {
                "my_keyname": {
                    "sensitive": false,
                    "type": "string",
                    "value": "blr"
                }
            },
            "resources": {
                "aws_key_pair.devops": {
                    "type": "aws_key_pair",
                    "depends_on": [],
                    "primary": {
                        "id": "blr",
                        "attributes": {
                            "fingerprint": "d7:ff:a6:63:18:64:9c:57:a1:ee:ca:a4:ad:c2:81:62",
                            "id": "blr",
                            "key_name": "blr",
                            "key_pair_id": "key-0084250aeded76d03",
                            "public_key": "ssh-rsa AAAAB3NzaC1yc2EAAAADAQABAAABAQD3F6tyPEFEzV0LX3X8BsXdMsQz1x2cEikKDEY0aIj41qgxMCP/iteneqXSIFZBp5vizPvaoIR3Um9xK7PGoW8giupGn+EPuxIA4cDM4vzOqOkiMPhz5XK0whEjkVzTo4+S0puvDZuwIsdiW9mxhJc7tgBNL0cYlWSYVkz4G/fslNfRPW5mYAM49f4fhtxPb5ok4Q2Lg9dPKVHO/Bgeu5woMc7RY0p1ej6D4CKFE6lymSDJpW0YHX/wqE9+cfEauh7xZcG0q9t2ta6F6fmX0agvpFyZo8aFbXeUBr7osSCJNgvavWbM/06niWrOvYX2xwWdhXmXSrbX8ZbabVohBK41 email@example.com",
                            "tags.%": "0"
                        },
                        "meta": {
                            "schema_version": "1"
                        },
                        "tainted": false
                    },
                    "deposed": [],
                    "provider": "provider.aws"
                }
            },
            "depends_on": []
        }
    ]
}
