{
    "version": 3,
    "terraform_version": "0.11.13",
    "serial": 2,
    "lineage": "dea70ac6-73b5-1f5f-03dd-1844beffc4db",
    "modules": [
        {
            "path": [
                "root"
            ],
            "outputs": {},
            "resources": {
                "aws_instance.testInstance": {
                    "type": "aws_instance",
                    "depends_on": [
                        "aws_security_group.mysg",
                        "aws_subnet.subnet"
                    ],
                    "primary": {
                        "id": "i-021b76fdd8c277ea0",
                        "attributes": {
                            "ami": "ami-0a887e401f7654935",
                            "arn": "arn:aws:ec2:us-east-1:152613161361:instance/i-021b76fdd8c277ea0",
                            "associate_public_ip_address": "true",
                            "availability_zone": "us-east-1a",
                            "cpu_core_count": "1",
                            "cpu_threads_per_core": "1",
                            "credit_specification.#": "1",
                            "credit_specification.0.cpu_credits": "standard",
                            "disable_api_termination": "false",
                            "ebs_block_device.#": "0",
                            "ebs_optimized": "false",
                            "ephemeral_block_device.#": "0",
                            "get_password_data": "false",
                            "hibernation": "false",
                            "iam_instance_profile": "",
                            "id": "i-021b76fdd8c277ea0",
                            "instance_state": "running",
                            "instance_type": "t2.micro",
                            "ipv6_address_count": "0",
                            "ipv6_addresses.#": "0",
                            "key_name": "terraform",
                            "monitoring": "false",
                            "network_interface.#": "0",
                            "password_data": "",
                            "placement_group": "",
                            "primary_network_interface_id": "eni-0e9d0c5461bef55cd",
                            "private_dns": "ip-192-30-0-102.ec2.internal",
                            "private_ip": "192.30.0.102",
                            "public_dns": "",
                            "public_ip": "18.234.127.199",
                            "root_block_device.#": "1",
                            "root_block_device.0.delete_on_termination": "true",
                            "root_block_device.0.encrypted": "false",
                            "root_block_device.0.iops": "100",
                            "root_block_device.0.kms_key_id": "",
                            "root_block_device.0.volume_id": "vol-0614bd91a998934c6",
                            "root_block_device.0.volume_size": "8",
                            "root_block_device.0.volume_type": "gp2",
                            "security_groups.#": "0",
                            "source_dest_check": "true",
                            "subnet_id": "subnet-01dbc0ae0e32358fc",
                            "tags.%": "1",
                            "tags.Name": "Production",
                            "tenancy": "default",
                            "volume_tags.%": "0",
                            "vpc_security_group_ids.#": "1",
                            "vpc_security_group_ids.573762372": "sg-0be2d96c9ca0d934d"
                        },
                        "meta": {
                            "e2bfb730-ecaa-11e6-8f88-34363bc7c4c0": {
                                "create": 600000000000,
                                "delete": 1200000000000,
                                "update": 600000000000
                            },
                            "schema_version": "1"
                        },
                        "tainted": false
                    },
                    "deposed": [],
                    "provider": "provider.aws"
                },
                "aws_internet_gateway.igw": {
                    "type": "aws_internet_gateway",
                    "depends_on": [
                        "aws_vpc.myvpc"
                    ],
                    "primary": {
                        "id": "igw-0104b3e4eaf468812",
                        "attributes": {
                            "id": "igw-0104b3e4eaf468812",
                            "owner_id": "152613161361",
                            "tags.%": "1",
                            "tags.Name": "myigw",
                            "vpc_id": "vpc-084c492a4345ace9f"
                        },
                        "meta": {},
                        "tainted": false
                    },
                    "deposed": [],
                    "provider": "provider.aws"
                },
                "aws_route_table.route": {
                    "type": "aws_route_table",
                    "depends_on": [
                        "aws_internet_gateway.igw",
                        "aws_vpc.myvpc"
                    ],
                    "primary": {
                        "id": "rtb-05f92caed4e9e8855",
                        "attributes": {
                            "id": "rtb-05f92caed4e9e8855",
                            "owner_id": "152613161361",
                            "propagating_vgws.#": "0",
                            "route.#": "1",
                            "route.2268784138.cidr_block": "0.0.0.0/0",
                            "route.2268784138.egress_only_gateway_id": "",
                            "route.2268784138.gateway_id": "igw-0104b3e4eaf468812",
                            "route.2268784138.instance_id": "",
                            "route.2268784138.ipv6_cidr_block": "",
                            "route.2268784138.nat_gateway_id": "",
                            "route.2268784138.network_interface_id": "",
                            "route.2268784138.transit_gateway_id": "",
                            "route.2268784138.vpc_peering_connection_id": "",
                            "tags.%": "1",
                            "tags.Name": "myroute",
                            "vpc_id": "vpc-084c492a4345ace9f"
                        },
                        "meta": {},
                        "tainted": false
                    },
                    "deposed": [],
                    "provider": "provider.aws"
                },
                "aws_route_table_association.myrouteassociate": {
                    "type": "aws_route_table_association",
                    "depends_on": [
                        "aws_route_table.route",
                        "aws_subnet.subnet"
                    ],
                    "primary": {
                        "id": "rtbassoc-0c83c9e227054918c",
                        "attributes": {
                            "id": "rtbassoc-0c83c9e227054918c",
                            "route_table_id": "rtb-05f92caed4e9e8855",
                            "subnet_id": "subnet-01dbc0ae0e32358fc"
                        },
                        "meta": {},
                        "tainted": false
                    },
                    "deposed": [],
                    "provider": "provider.aws"
                },
                "aws_security_group.mysg": {
                    "type": "aws_security_group",
                    "depends_on": [
                        "aws_vpc.myvpc"
                    ],
                    "primary": {
                        "id": "sg-0be2d96c9ca0d934d",
                        "attributes": {
                            "arn": "arn:aws:ec2:us-east-1:152613161361:security-group/sg-0be2d96c9ca0d934d",
                            "description": "Managed by Terraform",
                            "egress.#": "1",
                            "egress.482069346.cidr_blocks.#": "1",
                            "egress.482069346.cidr_blocks.0": "0.0.0.0/0",
                            "egress.482069346.description": "",
                            "egress.482069346.from_port": "0",
                            "egress.482069346.ipv6_cidr_blocks.#": "0",
                            "egress.482069346.prefix_list_ids.#": "0",
                            "egress.482069346.protocol": "-1",
                            "egress.482069346.security_groups.#": "0",
                            "egress.482069346.self": "false",
                            "egress.482069346.to_port": "0",
                            "id": "sg-0be2d96c9ca0d934d",
                            "ingress.#": "1",
                            "ingress.482069346.cidr_blocks.#": "1",
                            "ingress.482069346.cidr_blocks.0": "0.0.0.0/0",
                            "ingress.482069346.description": "",
                            "ingress.482069346.from_port": "0",
                            "ingress.482069346.ipv6_cidr_blocks.#": "0",
                            "ingress.482069346.prefix_list_ids.#": "0",
                            "ingress.482069346.protocol": "-1",
                            "ingress.482069346.security_groups.#": "0",
                            "ingress.482069346.self": "false",
                            "ingress.482069346.to_port": "0",
                            "name": "terraform-20200224044421827200000001",
                            "owner_id": "152613161361",
                            "revoke_rules_on_delete": "false",
                            "tags.%": "1",
                            "tags.Name": "mysg",
                            "vpc_id": "vpc-084c492a4345ace9f"
                        },
                        "meta": {
                            "e2bfb730-ecaa-11e6-8f88-34363bc7c4c0": {
                                "create": 600000000000,
                                "delete": 600000000000
                            },
                            "schema_version": "1"
                        },
                        "tainted": false
                    },
                    "deposed": [],
                    "provider": "provider.aws"
                },
                "aws_subnet.subnet": {
                    "type": "aws_subnet",
                    "depends_on": [
                        "aws_vpc.myvpc"
                    ],
                    "primary": {
                        "id": "subnet-01dbc0ae0e32358fc",
                        "attributes": {
                            "arn": "arn:aws:ec2:us-east-1:152613161361:subnet/subnet-01dbc0ae0e32358fc",
                            "assign_ipv6_address_on_creation": "false",
                            "availability_zone": "us-east-1a",
                            "availability_zone_id": "use1-az2",
                            "cidr_block": "192.30.0.0/24",
                            "id": "subnet-01dbc0ae0e32358fc",
                            "ipv6_cidr_block": "",
                            "ipv6_cidr_block_association_id": "",
                            "map_public_ip_on_launch": "true",
                            "owner_id": "152613161361",
                            "tags.%": "1",
                            "tags.Name": "Mysubnet",
                            "vpc_id": "vpc-084c492a4345ace9f"
                        },
                        "meta": {
                            "e2bfb730-ecaa-11e6-8f88-34363bc7c4c0": {
                                "create": 600000000000,
                                "delete": 1200000000000
                            },
                            "schema_version": "1"
                        },
                        "tainted": false
                    },
                    "deposed": [],
                    "provider": "provider.aws"
                },
                "aws_vpc.myvpc": {
                    "type": "aws_vpc",
                    "depends_on": [],
                    "primary": {
                        "id": "vpc-084c492a4345ace9f",
                        "attributes": {
                            "arn": "arn:aws:ec2:us-east-1:152613161361:vpc/vpc-084c492a4345ace9f",
                            "assign_generated_ipv6_cidr_block": "false",
                            "cidr_block": "192.30.0.0/16",
                            "default_network_acl_id": "acl-0ed533972f870d81b",
                            "default_route_table_id": "rtb-019e1e2d0e7dcc66c",
                            "default_security_group_id": "sg-0ec74c3984055d8ee",
                            "dhcp_options_id": "dopt-a935e7d3",
                            "enable_classiclink": "false",
                            "enable_classiclink_dns_support": "false",
                            "enable_dns_hostnames": "false",
                            "enable_dns_support": "true",
                            "id": "vpc-084c492a4345ace9f",
                            "instance_tenancy": "default",
                            "ipv6_association_id": "",
                            "ipv6_cidr_block": "",
                            "main_route_table_id": "rtb-019e1e2d0e7dcc66c",
                            "owner_id": "152613161361",
                            "tags.%": "1",
                            "tags.Name": "myvpc"
                        },
                        "meta": {
                            "schema_version": "1"
                        },
                        "tainted": false
                    },
                    "deposed": [],
                    "provider": "provider.aws"
                }
            },
            "depends_on": []
        }
    ]
}
