{
    "version": 3,
    "terraform_version": "0.11.13",
    "serial": 3,
    "lineage": "096f4c1f-ec98-89a1-e074-348620c42da9",
    "modules": [
        {
            "path": [
                "root"
            ],
            "outputs": {
                "my_value": {
                    "sensitive": false,
                    "type": "string",
                    "value": "52.87.164.248"
                }
            },
            "resources": {
                "aws_instance.ec2": {
                    "type": "aws_instance",
                    "depends_on": [],
                    "primary": {
                        "id": "i-097cfefd457116ff9",
                        "attributes": {
                            "ami": "ami-0a887e401f7654935",
                            "arn": "arn:aws:ec2:us-east-1:152613161361:instance/i-097cfefd457116ff9",
                            "associate_public_ip_address": "true",
                            "availability_zone": "us-east-1a",
                            "cpu_core_count": "1",
                            "cpu_threads_per_core": "1",
                            "credit_specification.#": "1",
                            "credit_specification.0.cpu_credits": "standard",
                            "disable_api_termination": "false",
                            "ebs_block_device.#": "0",
                            "ebs_optimized": "false",
                            "ephemeral_block_device.#": "0",
                            "get_password_data": "false",
                            "hibernation": "false",
                            "iam_instance_profile": "",
                            "id": "i-097cfefd457116ff9",
                            "instance_state": "running",
                            "instance_type": "t2.micro",
                            "ipv6_address_count": "0",
                            "ipv6_addresses.#": "0",
                            "key_name": "dev_key",
                            "monitoring": "false",
                            "network_interface.#": "0",
                            "password_data": "",
                            "placement_group": "",
                            "primary_network_interface_id": "eni-0c39c1a2a41bf35e1",
                            "private_dns": "ip-172-31-92-220.ec2.internal",
                            "private_ip": "172.31.92.220",
                            "public_dns": "ec2-52-87-164-248.compute-1.amazonaws.com",
                            "public_ip": "52.87.164.248",
                            "root_block_device.#": "1",
                            "root_block_device.0.delete_on_termination": "true",
                            "root_block_device.0.encrypted": "false",
                            "root_block_device.0.iops": "100",
                            "root_block_device.0.kms_key_id": "",
                            "root_block_device.0.volume_id": "vol-0d09ade76e9e4fca8",
                            "root_block_device.0.volume_size": "8",
                            "root_block_device.0.volume_type": "gp2",
                            "security_groups.#": "1",
                            "security_groups.3814588639": "default",
                            "source_dest_check": "true",
                            "subnet_id": "subnet-a434d785",
                            "tags.%": "1",
                            "tags.Name": "server_dev",
                            "tenancy": "default",
                            "volume_tags.%": "0",
                            "vpc_security_group_ids.#": "1",
                            "vpc_security_group_ids.3881914633": "sg-12023b39"
                        },
                        "meta": {
                            "e2bfb730-ecaa-11e6-8f88-34363bc7c4c0": {
                                "create": 600000000000,
                                "delete": 1200000000000,
                                "update": 600000000000
                            },
                            "schema_version": "1"
                        },
                        "tainted": false
                    },
                    "deposed": [],
                    "provider": "provider.aws"
                }
            },
            "depends_on": []
        }
    ]
}
