{
    "version": 3,
    "terraform_version": "0.11.13",
    "serial": 23,
    "lineage": "1b2cd9b7-abde-b6b7-fb7e-5285e36f8a0b",
    "modules": [
        {
            "path": [
                "root"
            ],
            "outputs": {
                "mysgid": {
                    "sensitive": false,
                    "type": "string",
                    "value": "sg-01d853ae1b321a11e"
                },
                "mysubnetid": {
                    "sensitive": false,
                    "type": "string",
                    "value": "subnet-0b03ecfb0f4114a16"
                }
            },
            "resources": {
                "aws_internet_gateway.igw": {
                    "type": "aws_internet_gateway",
                    "depends_on": [
                        "aws_vpc.myvpc"
                    ],
                    "primary": {
                        "id": "igw-01b5336066e3d1086",
                        "attributes": {
                            "id": "igw-01b5336066e3d1086",
                            "owner_id": "152613161361",
                            "tags.%": "1",
                            "tags.Name": "myigw",
                            "vpc_id": "vpc-097236672d9e259f1"
                        },
                        "meta": {},
                        "tainted": false
                    },
                    "deposed": [],
                    "provider": "provider.aws"
                },
                "aws_route_table.route": {
                    "type": "aws_route_table",
                    "depends_on": [
                        "aws_internet_gateway.igw",
                        "aws_vpc.myvpc"
                    ],
                    "primary": {
                        "id": "rtb-0b06f63830332bad3",
                        "attributes": {
                            "id": "rtb-0b06f63830332bad3",
                            "owner_id": "152613161361",
                            "propagating_vgws.#": "0",
                            "route.#": "1",
                            "route.2379781452.cidr_block": "0.0.0.0/0",
                            "route.2379781452.egress_only_gateway_id": "",
                            "route.2379781452.gateway_id": "igw-01b5336066e3d1086",
                            "route.2379781452.instance_id": "",
                            "route.2379781452.ipv6_cidr_block": "",
                            "route.2379781452.nat_gateway_id": "",
                            "route.2379781452.network_interface_id": "",
                            "route.2379781452.transit_gateway_id": "",
                            "route.2379781452.vpc_peering_connection_id": "",
                            "tags.%": "1",
                            "tags.Name": "myroute",
                            "vpc_id": "vpc-097236672d9e259f1"
                        },
                        "meta": {},
                        "tainted": false
                    },
                    "deposed": [],
                    "provider": "provider.aws"
                },
                "aws_route_table_association.myrouteassociate": {
                    "type": "aws_route_table_association",
                    "depends_on": [
                        "aws_route_table.route",
                        "aws_subnet.subnet"
                    ],
                    "primary": {
                        "id": "rtbassoc-0e8a610e316c1aec9",
                        "attributes": {
                            "id": "rtbassoc-0e8a610e316c1aec9",
                            "route_table_id": "rtb-0b06f63830332bad3",
                            "subnet_id": "subnet-0b03ecfb0f4114a16"
                        },
                        "meta": {},
                        "tainted": false
                    },
                    "deposed": [],
                    "provider": "provider.aws"
                },
                "aws_s3_bucket.s3": {
                    "type": "aws_s3_bucket",
                    "depends_on": [
                        "random_id.randomid"
                    ],
                    "primary": {
                        "id": "my-tf-test-bucket-11",
                        "attributes": {
                            "acceleration_status": "",
                            "acl": "private",
                            "arn": "arn:aws:s3:::my-tf-test-bucket-11",
                            "bucket": "my-tf-test-bucket-11",
                            "bucket_domain_name": "my-tf-test-bucket-11.s3.amazonaws.com",
                            "bucket_regional_domain_name": "my-tf-test-bucket-11.s3.amazonaws.com",
                            "cors_rule.#": "0",
                            "force_destroy": "false",
                            "hosted_zone_id": "Z3AQBSTGFYJSTF",
                            "id": "my-tf-test-bucket-11",
                            "lifecycle_rule.#": "0",
                            "logging.#": "0",
                            "object_lock_configuration.#": "0",
                            "region": "us-east-1",
                            "replication_configuration.#": "0",
                            "request_payer": "BucketOwner",
                            "server_side_encryption_configuration.#": "0",
                            "tags.%": "0",
                            "versioning.#": "1",
                            "versioning.0.enabled": "false",
                            "versioning.0.mfa_delete": "false",
                            "website.#": "0"
                        },
                        "meta": {},
                        "tainted": false
                    },
                    "deposed": [],
                    "provider": "provider.aws"
                },
                "aws_security_group.mysg": {
                    "type": "aws_security_group",
                    "depends_on": [
                        "aws_vpc.myvpc"
                    ],
                    "primary": {
                        "id": "sg-01d853ae1b321a11e",
                        "attributes": {
                            "arn": "arn:aws:ec2:us-east-1:152613161361:security-group/sg-01d853ae1b321a11e",
                            "description": "Managed by Terraform",
                            "egress.#": "1",
                            "egress.482069346.cidr_blocks.#": "1",
                            "egress.482069346.cidr_blocks.0": "0.0.0.0/0",
                            "egress.482069346.description": "",
                            "egress.482069346.from_port": "0",
                            "egress.482069346.ipv6_cidr_blocks.#": "0",
                            "egress.482069346.prefix_list_ids.#": "0",
                            "egress.482069346.protocol": "-1",
                            "egress.482069346.security_groups.#": "0",
                            "egress.482069346.self": "false",
                            "egress.482069346.to_port": "0",
                            "id": "sg-01d853ae1b321a11e",
                            "ingress.#": "1",
                            "ingress.482069346.cidr_blocks.#": "1",
                            "ingress.482069346.cidr_blocks.0": "0.0.0.0/0",
                            "ingress.482069346.description": "",
                            "ingress.482069346.from_port": "0",
                            "ingress.482069346.ipv6_cidr_blocks.#": "0",
                            "ingress.482069346.prefix_list_ids.#": "0",
                            "ingress.482069346.protocol": "-1",
                            "ingress.482069346.security_groups.#": "0",
                            "ingress.482069346.self": "false",
                            "ingress.482069346.to_port": "0",
                            "name": "terraform-20200224022817436200000001",
                            "owner_id": "152613161361",
                            "revoke_rules_on_delete": "false",
                            "tags.%": "1",
                            "tags.Name": "mysg",
                            "vpc_id": "vpc-097236672d9e259f1"
                        },
                        "meta": {
                            "e2bfb730-ecaa-11e6-8f88-34363bc7c4c0": {
                                "create": 600000000000,
                                "delete": 600000000000
                            },
                            "schema_version": "1"
                        },
                        "tainted": false
                    },
                    "deposed": [],
                    "provider": "provider.aws"
                },
                "aws_subnet.subnet": {
                    "type": "aws_subnet",
                    "depends_on": [
                        "aws_vpc.myvpc"
                    ],
                    "primary": {
                        "id": "subnet-0b03ecfb0f4114a16",
                        "attributes": {
                            "arn": "arn:aws:ec2:us-east-1:152613161361:subnet/subnet-0b03ecfb0f4114a16",
                            "assign_ipv6_address_on_creation": "false",
                            "availability_zone": "us-east-1a",
                            "availability_zone_id": "use1-az2",
                            "cidr_block": "192.30.0.0/24",
                            "id": "subnet-0b03ecfb0f4114a16",
                            "ipv6_cidr_block": "",
                            "ipv6_cidr_block_association_id": "",
                            "map_public_ip_on_launch": "true",
                            "owner_id": "152613161361",
                            "tags.%": "1",
                            "tags.Name": "Mysubnet",
                            "vpc_id": "vpc-097236672d9e259f1"
                        },
                        "meta": {
                            "e2bfb730-ecaa-11e6-8f88-34363bc7c4c0": {
                                "create": 600000000000,
                                "delete": 1200000000000
                            },
                            "schema_version": "1"
                        },
                        "tainted": false
                    },
                    "deposed": [],
                    "provider": "provider.aws"
                },
                "aws_vpc.myvpc": {
                    "type": "aws_vpc",
                    "depends_on": [],
                    "primary": {
                        "id": "vpc-097236672d9e259f1",
                        "attributes": {
                            "arn": "arn:aws:ec2:us-east-1:152613161361:vpc/vpc-097236672d9e259f1",
                            "assign_generated_ipv6_cidr_block": "false",
                            "cidr_block": "192.30.0.0/16",
                            "default_network_acl_id": "acl-0d59ed36a8ac30804",
                            "default_route_table_id": "rtb-0b149a4a797aa78ea",
                            "default_security_group_id": "sg-02c72cf687a66f055",
                            "dhcp_options_id": "dopt-a935e7d3",
                            "enable_classiclink": "false",
                            "enable_classiclink_dns_support": "false",
                            "enable_dns_hostnames": "false",
                            "enable_dns_support": "true",
                            "id": "vpc-097236672d9e259f1",
                            "instance_tenancy": "default",
                            "ipv6_association_id": "",
                            "ipv6_cidr_block": "",
                            "main_route_table_id": "rtb-0b149a4a797aa78ea",
                            "owner_id": "152613161361",
                            "tags.%": "1",
                            "tags.Name": "myvpc"
                        },
                        "meta": {
                            "schema_version": "1"
                        },
                        "tainted": false
                    },
                    "deposed": [],
                    "provider": "provider.aws"
                },
                "random_id.randomid": {
                    "type": "random_id",
                    "depends_on": [],
                    "primary": {
                        "id": "Cw",
                        "attributes": {
                            "b64": "Cw",
                            "b64_std": "Cw==",
                            "b64_url": "Cw",
                            "byte_length": "1",
                            "dec": "11",
                            "hex": "0b",
                            "id": "Cw"
                        },
                        "meta": {},
                        "tainted": false
                    },
                    "deposed": [],
                    "provider": "provider.random"
                }
            },
            "depends_on": []
        }
    ]
}
