{
    "version": 3,
    "terraform_version": "0.11.13",
    "serial": 5,
    "lineage": "f5b11e77-2a62-4dcd-1903-c52d7c7b591a",
    "modules": [
        {
            "path": [
                "root"
            ],
            "outputs": {
                "mys3bucketname": {
                    "sensitive": false,
                    "type": "string",
                    "value": "mys3bucket-42955"
                }
            },
            "resources": {
                "aws_s3_bucket.s3": {
                    "type": "aws_s3_bucket",
                    "depends_on": [
                        "random_id.randomid"
                    ],
                    "primary": {
                        "id": "mys3bucket-42955",
                        "attributes": {
                            "acceleration_status": "",
                            "acl": "private",
                            "arn": "arn:aws:s3:::mys3bucket-42955",
                            "bucket": "mys3bucket-42955",
                            "bucket_domain_name": "mys3bucket-42955.s3.amazonaws.com",
                            "bucket_regional_domain_name": "mys3bucket-42955.s3.amazonaws.com",
                            "cors_rule.#": "0",
                            "force_destroy": "false",
                            "hosted_zone_id": "Z3AQBSTGFYJSTF",
                            "id": "mys3bucket-42955",
                            "lifecycle_rule.#": "0",
                            "logging.#": "0",
                            "object_lock_configuration.#": "0",
                            "region": "us-east-1",
                            "replication_configuration.#": "0",
                            "request_payer": "BucketOwner",
                            "server_side_encryption_configuration.#": "0",
                            "tags.%": "0",
                            "versioning.#": "1",
                            "versioning.0.enabled": "false",
                            "versioning.0.mfa_delete": "false",
                            "website.#": "0"
                        },
                        "meta": {},
                        "tainted": false
                    },
                    "deposed": [],
                    "provider": "provider.aws"
                },
                "random_id.randomid": {
                    "type": "random_id",
                    "depends_on": [],
                    "primary": {
                        "id": "p8s",
                        "attributes": {
                            "b64": "p8s",
                            "b64_std": "p8s=",
                            "b64_url": "p8s",
                            "byte_length": "2",
                            "dec": "42955",
                            "hex": "a7cb",
                            "id": "p8s"
                        },
                        "meta": {},
                        "tainted": false
                    },
                    "deposed": [],
                    "provider": "provider.random"
                }
            },
            "depends_on": []
        }
    ]
}
